Microsoft Visual Studio Solution File, Format Version 12.00
# Visual Studio Version 17
VisualStudioVersion = 17.0.31903.59
MinimumVisualStudioVersion = 10.0.40219.1
Project("{9A19103F-16F7-4668-BE54-9A1E7A4F7556}") = "TerraVoice", "TerraVoice\TerraVoice.csproj", "{048828E8-AF2F-4D49-9A0B-5D69710929EA}"
EndProject
Global
	GlobalSection(SolutionConfigurationPlatforms) = preSolution
		Debug|Any CPU = Debug|Any CPU
		Release|Any CPU = Release|Any CPU
	EndGlobalSection
	GlobalSection(ProjectConfigurationPlatforms) = postSolution
		{048828E8-AF2F-4D49-9A0B-5D69710929EA}.Debug|Any CPU.ActiveCfg = Debug|Any CPU
		{048828E8-AF2F-4D49-9A0B-5D69710929EA}.Debug|Any CPU.Build.0 = Debug|Any CPU
		{048828E8-AF2F-4D49-9A0B-5D69710929EA}.Release|Any CPU.ActiveCfg = Release|Any CPU
		{048828E8-AF2F-4D49-9A0B-5D69710929EA}.Release|Any CPU.Build.0 = Release|Any CPU
	EndGlobalSection
	GlobalSection(SolutionProperties) = preSolution
		HideSolutionNode = FALSE
	EndGlobalSection
EndGlobal
